
Microsoft Visual Studio Solution File, Format Version 12.00
# Visual Studio Version 17
VisualStudioVersion = 17.9.34723.18
MinimumVisualStudioVersion = 10.0.40219.1
Project("{FAE04EC0-301F-11D3-BF4B-00C04F79EFBC}") = "phone_book", "phone_book\phone_book.csproj", "{C01DFEA2-158D-4408-B7D8-7F3FE2CF0AC5}"
EndProject
Global
	GlobalSection(SolutionConfigurationPlatforms) = preSolution
		Debug|Any CPU = Debug|Any CPU
		Release|Any CPU = Release|Any CPU
	EndGlobalSection
	GlobalSection(ProjectConfigurationPlatforms) = postSolution
		{C01DFEA2-158D-4408-B7D8-7F3FE2CF0AC5}.Debug|Any CPU.ActiveCfg = Debug|Any CPU
		{C01DFEA2-158D-4408-B7D8-7F3FE2CF0AC5}.Debug|Any CPU.Build.0 = Debug|Any CPU
		{C01DFEA2-158D-4408-B7D8-7F3FE2CF0AC5}.Release|Any CPU.ActiveCfg = Release|Any CPU
		{C01DFEA2-158D-4408-B7D8-7F3FE2CF0AC5}.Release|Any CPU.Build.0 = Release|Any CPU
	EndGlobalSection
	GlobalSection(SolutionProperties) = preSolution
		HideSolutionNode = FALSE
	EndGlobalSection
	GlobalSection(ExtensibilityGlobals) = postSolution
		SolutionGuid = {30C9AF67-A704-4B86-A177-2E784C43DE1A}
	EndGlobalSection
EndGlobal
